
Microsoft Visual Studio Solution File, Format Version 12.00
# Visual Studio Version 17
VisualStudioVersion = 17.5.33424.131
MinimumVisualStudioVersion = 10.0.40219.1
Project("{FAE04EC0-301F-11D3-BF4B-00C04F79EFBC}") = "exercicio18.ConsoleApp1", "exercicio18.ConsoleApp1\exercicio18.ConsoleApp1.csproj", "{9ABE3DAC-798B-412B-B11E-F66FA979789F}"
EndProject
Global
	GlobalSection(SolutionConfigurationPlatforms) = preSolution
		Debug|Any CPU = Debug|Any CPU
		Release|Any CPU = Release|Any CPU
	EndGlobalSection
	GlobalSection(ProjectConfigurationPlatforms) = postSolution
		{9ABE3DAC-798B-412B-B11E-F66FA979789F}.Debug|Any CPU.ActiveCfg = Debug|Any CPU
		{9ABE3DAC-798B-412B-B11E-F66FA979789F}.Debug|Any CPU.Build.0 = Debug|Any CPU
		{9ABE3DAC-798B-412B-B11E-F66FA979789F}.Release|Any CPU.ActiveCfg = Release|Any CPU
		{9ABE3DAC-798B-412B-B11E-F66FA979789F}.Release|Any CPU.Build.0 = Release|Any CPU
	EndGlobalSection
	GlobalSection(SolutionProperties) = preSolution
		HideSolutionNode = FALSE
	EndGlobalSection
	GlobalSection(ExtensibilityGlobals) = postSolution
		SolutionGuid = {A477661D-D219-458A-9DA8-482C589D71AE}
	EndGlobalSection
EndGlobal
