
Microsoft Visual Studio Solution File, Format Version 12.00
# Visual Studio Version 17
VisualStudioVersion = 17.5.33424.131
MinimumVisualStudioVersion = 10.0.40219.1
Project("{FAE04EC0-301F-11D3-BF4B-00C04F79EFBC}") = "exercicio23.ConsoleApp1", "exercicio23.ConsoleApp1\exercicio23.ConsoleApp1.csproj", "{268F041B-4B84-43AF-8126-C01F342438DF}"
EndProject
Global
	GlobalSection(SolutionConfigurationPlatforms) = preSolution
		Debug|Any CPU = Debug|Any CPU
		Release|Any CPU = Release|Any CPU
	EndGlobalSection
	GlobalSection(ProjectConfigurationPlatforms) = postSolution
		{268F041B-4B84-43AF-8126-C01F342438DF}.Debug|Any CPU.ActiveCfg = Debug|Any CPU
		{268F041B-4B84-43AF-8126-C01F342438DF}.Debug|Any CPU.Build.0 = Debug|Any CPU
		{268F041B-4B84-43AF-8126-C01F342438DF}.Release|Any CPU.ActiveCfg = Release|Any CPU
		{268F041B-4B84-43AF-8126-C01F342438DF}.Release|Any CPU.Build.0 = Release|Any CPU
	EndGlobalSection
	GlobalSection(SolutionProperties) = preSolution
		HideSolutionNode = FALSE
	EndGlobalSection
	GlobalSection(ExtensibilityGlobals) = postSolution
		SolutionGuid = {A6C03920-4862-43FB-A1BB-8FECC162EB80}
	EndGlobalSection
EndGlobal
